// !$*UTF8*$!
{
	archiveVersion = 1;
	classes = {
	};
	objectVersion = 50;
	objects = {

/* Begin PBXBuildFile section */
		591359D522C85C370026C553 /* AppDelegate.swift in Sources */ = {isa = PBXBuildFile; fileRef = 591359D422C85C370026C553 /* AppDelegate.swift */; };
		591359D722C85C370026C553 /* ViewController.swift in Sources */ = {isa = PBXBuildFile; fileRef = 591359D622C85C370026C553 /* ViewController.swift */; };
		591359DA22C85C370026C553 /* Main.storyboard in Resources */ = {isa = PBXBuildFile; fileRef = 591359D822C85C370026C553 /* Main.storyboard */; };
		591359DC22C85C370026C553 /* Assets.xcassets in Resources */ = {isa = PBXBuildFile; fileRef = 591359DB22C85C370026C553 /* Assets.xcassets */; };
		591359DF22C85C370026C553 /* LaunchScreen.storyboard in Resources */ = {isa = PBXBuildFile; fileRef = 591359DD22C85C370026C553 /* LaunchScreen.storyboard */; };
		591359EA22C85C380026C553 /* millionareTests.swift in Sources */ = {isa = PBXBuildFile; fileRef = 591359E922C85C380026C553 /* millionareTests.swift */; };
		591359F522C85C380026C553 /* millionareUITests.swift in Sources */ = {isa = PBXBuildFile; fileRef = 591359F422C85C380026C553 /* millionareUITests.swift */; };
		59EAC2552301FC4C007F11C9 /* LogicController.swift in Sources */ = {isa = PBXBuildFile; fileRef = 59EAC2542301FC4B007F11C9 /* LogicController.swift */; };
/* End PBXBuildFile section */

/* Begin PBXContainerItemProxy section */
		591359E622C85C380026C553 /* PBXContainerItemProxy */ = {
			isa = PBXContainerItemProxy;
			containerPortal = 591359C922C85C370026C553 /* Project object */;
			proxyType = 1;
			remoteGlobalIDString = 591359D022C85C370026C553;
			remoteInfo = millionare;
		};
		591359F122C85C380026C553 /* PBXContainerItemProxy */ = {
			isa = PBXContainerItemProxy;
			containerPortal = 591359C922C85C370026C553 /* Project object */;
			proxyType = 1;
			remoteGlobalIDString = 591359D022C85C370026C553;
			remoteInfo = millionare;
		};
/* End PBXContainerItemProxy section */

/* Begin PBXFileReference section */
		591359D122C85C370026C553 /* millionare.app */ = {isa = PBXFileReference; explicitFileType = wrapper.application; includeInIndex = 0; path = millionare.app; sourceTree = BUILT_PRODUCTS_DIR; };
		591359D422C85C370026C553 /* AppDelegate.swift */ = {isa = PBXFileReference; lastKnownFileType = sourcecode.swift; path = AppDelegate.swift; sourceTree = "<group>"; };
		591359D622C85C370026C553 /* ViewController.swift */ = {isa = PBXFileReference; lastKnownFileType = sourcecode.swift; path = ViewController.swift; sourceTree = "<group>"; };
		591359D922C85C370026C553 /* Base */ = {isa = PBXFileReference; lastKnownFileType = file.storyboard; name = Base; path = Base.lproj/Main.storyboard; sourceTree = "<group>"; };
		591359DB22C85C370026C553 /* Assets.xcassets */ = {isa = PBXFileReference; lastKnownFileType = folder.assetcatalog; path = Assets.xcassets; sourceTree = "<group>"; };
		591359DE22C85C370026C553 /* Base */ = {isa = PBXFileReference; lastKnownFileType = file.storyboard; name = Base; path = Base.lproj/LaunchScreen.storyboard; sourceTree = "<group>"; };
		591359E022C85C370026C553 /* Info.plist */ = {isa = PBXFileReference; lastKnownFileType = text.plist.xml; path = Info.plist; sourceTree = "<group>"; };
		591359E522C85C380026C553 /* millionareTests.xctest */ = {isa = PBXFileReference; explicitFileType = wrapper.cfbundle; includeInIndex = 0; path = millionareTests.xctest; sourceTree = BUILT_PRODUCTS_DIR; };
		591359E922C85C380026C553 /* millionareTests.swift */ = {isa = PBXFileReference; lastKnownFileType = sourcecode.swift; path = millionareTests.swift; sourceTree = "<group>"; };
		591359EB22C85C380026C553 /* Info.plist */ = {isa = PBXFileReference; lastKnownFileType = text.plist.xml; path = Info.plist; sourceTree = "<group>"; };
		591359F022C85C380026C553 /* millionareUITests.xctest */ = {isa = PBXFileReference; explicitFileType = wrapper.cfbundle; includeInIndex = 0; path = millionareUITests.xctest; sourceTree = BUILT_PRODUCTS_DIR; };
		591359F422C85C380026C553 /* millionareUITests.swift */ = {isa = PBXFileReference; lastKnownFileType = sourcecode.swift; path = millionareUITests.swift; sourceTree = "<group>"; };
		591359F622C85C380026C553 /* Info.plist */ = {isa = PBXFileReference; lastKnownFileType = text.plist.xml; path = Info.plist; sourceTree = "<group>"; };
		59EAC2542301FC4B007F11C9 /* LogicController.swift */ = {isa = PBXFileReference; lastKnownFileType = sourcecode.swift; path = LogicController.swift; sourceTree = "<group>"; };
/* End PBXFileReference section */

/* Begin PBXFrameworksBuildPhase section */
		591359CE22C85C370026C553 /* Frameworks */ = {
			isa = PBXFrameworksBuildPhase;
			buildActionMask = 2147483647;
			files = (
			);
			runOnlyForDeploymentPostprocessing = 0;
		};
		591359E222C85C380026C553 /* Frameworks */ = {
			isa = PBXFrameworksBuildPhase;
			buildActionMask = 2147483647;
			files = (
			);
			runOnlyForDeploymentPostprocessing = 0;
		};
		591359ED22C85C380026C553 /* Frameworks */ = {
			isa = PBXFrameworksBuildPhase;
			buildActionMask = 2147483647;
			files = (
			);
			runOnlyForDeploymentPostprocessing = 0;
		};
/* End PBXFrameworksBuildPhase section */

/* Begin PBXGroup section */
		591359C822C85C370026C553 = {
			isa = PBXGroup;
			children = (
				591359D322C85C370026C553 /* millionare */,
				591359E822C85C380026C553 /* millionareTests */,
				591359F322C85C380026C553 /* millionareUITests */,
				591359D222C85C370026C553 /* Products */,
			);
			sourceTree = "<group>";
		};
		591359D222C85C370026C553 /* Products */ = {
			isa = PBXGroup;
			children = (
				591359D122C85C370026C553 /* millionare.app */,
				591359E522C85C380026C553 /* millionareTests.xctest */,
				591359F022C85C380026C553 /* millionareUITests.xctest */,
			);
			name = Products;
			sourceTree = "<group>";
		};
		591359D322C85C370026C553 /* millionare */ = {
			isa = PBXGroup;
			children = (
				591359D422C85C370026C553 /* AppDelegate.swift */,
				591359D622C85C370026C553 /* ViewController.swift */,
				59EAC2542301FC4B007F11C9 /* LogicController.swift */,
				591359D822C85C370026C553 /* Main.storyboard */,
				591359DB22C85C370026C553 /* Assets.xcassets */,
				591359DD22C85C370026C553 /* LaunchScreen.storyboard */,
				591359E022C85C370026C553 /* Info.plist */,
			);
			path = millionare;
			sourceTree = "<group>";
		};
		591359E822C85C380026C553 /* millionareTests */ = {
			isa = PBXGroup;
			children = (
				591359E922C85C380026C553 /* millionareTests.swift */,
				591359EB22C85C380026C553 /* Info.plist */,
			);
			path = millionareTests;
			sourceTree = "<group>";
		};
		591359F322C85C380026C553 /* millionareUITests */ = {
			isa = PBXGroup;
			children = (
				591359F422C85C380026C553 /* millionareUITests.swift */,
				591359F622C85C380026C553 /* Info.plist */,
			);
			path = millionareUITests;
			sourceTree = "<group>";
		};
/* End PBXGroup section */

/* Begin PBXNativeTarget section */
		591359D022C85C370026C553 /* millionare */ = {
			isa = PBXNativeTarget;
			buildConfigurationList = 591359F922C85C380026C553 /* Build configuration list for PBXNativeTarget "millionare" */;
			buildPhases = (
				591359CD22C85C370026C553 /* Sources */,
				591359CE22C85C370026C553 /* Frameworks */,
				591359CF22C85C370026C553 /* Resources */,
			);
			buildRules = (
			);
			dependencies = (
			);
			name = millionare;
			productName = millionare;
			productReference = 591359D122C85C370026C553 /* millionare.app */;
			productType = "com.apple.product-type.application";
		};
		591359E422C85C380026C553 /* millionareTests */ = {
			isa = PBXNativeTarget;
			buildConfigurationList = 591359FC22C85C380026C553 /* Build configuration list for PBXNativeTarget "millionareTests" */;
			buildPhases = (
				591359E122C85C380026C553 /* Sources */,
				591359E222C85C380026C553 /* Frameworks */,
				591359E322C85C380026C553 /* Resources */,
			);
			buildRules = (
			);
			dependencies = (
				591359E722C85C380026C553 /* PBXTargetDependency */,
			);
			name = millionareTests;
			productName = millionareTests;
			productReference = 591359E522C85C380026C553 /* millionareTests.xctest */;
			productType = "com.apple.product-type.bundle.unit-test";
		};
		591359EF22C85C380026C553 /* millionareUITests */ = {
			isa = PBXNativeTarget;
			buildConfigurationList = 591359FF22C85C380026C553 /* Build configuration list for PBXNativeTarget "millionareUITests" */;
			buildPhases = (
				591359EC22C85C380026C553 /* Sources */,
				591359ED22C85C380026C553 /* Frameworks */,
				591359EE22C85C380026C553 /* Resources */,
			);
			buildRules = (
			);
			dependencies = (
				591359F222C85C380026C553 /* PBXTargetDependency */,
			);
			name = millionareUITests;
			productName = millionareUITests;
			productReference = 591359F022C85C380026C553 /* millionareUITests.xctest */;
			productType = "com.apple.product-type.bundle.ui-testing";
		};
/* End PBXNativeTarget section */

/* Begin PBXProject section */
		591359C922C85C370026C553 /* Project object */ = {
			isa = PBXProject;
			attributes = {
				LastSwiftUpdateCheck = 1010;
				LastUpgradeCheck = 1010;
				ORGANIZATIONNAME = "Aaron Still";
				TargetAttributes = {
					591359D022C85C370026C553 = {
						CreatedOnToolsVersion = 10.1;
					};
					591359E422C85C380026C553 = {
						CreatedOnToolsVersion = 10.1;
						TestTargetID = 591359D022C85C370026C553;
					};
					591359EF22C85C380026C553 = {
						CreatedOnToolsVersion = 10.1;
						TestTargetID = 591359D022C85C370026C553;
					};
				};
			};
			buildConfigurationList = 591359CC22C85C370026C553 /* Build configuration list for PBXProject "millionare" */;
			compatibilityVersion = "Xcode 9.3";
			developmentRegion = en;
			hasScannedForEncodings = 0;
			knownRegions = (
				en,
				Base,
			);
			mainGroup = 591359C822C85C370026C553;
			productRefGroup = 591359D222C85C370026C553 /* Products */;
			projectDirPath = "";
			projectRoot = "";
			targets = (
				591359D022C85C370026C553 /* millionare */,
				591359E422C85C380026C553 /* millionareTests */,
				591359EF22C85C380026C553 /* millionareUITests */,
			);
		};
/* End PBXProject section */

/* Begin PBXResourcesBuildPhase section */
		591359CF22C85C370026C553 /* Resources */ = {
			isa = PBXResourcesBuildPhase;
			buildActionMask = 2147483647;
			files = (
				591359DF22C85C370026C553 /* LaunchScreen.storyboard in Resources */,
				591359DC22C85C370026C553 /* Assets.xcassets in Resources */,
				591359DA22C85C370026C553 /* Main.storyboard in Resources */,
			);
			runOnlyForDeploymentPostprocessing = 0;
		};
		591359E322C85C380026C553 /* Resources */ = {
			isa = PBXResourcesBuildPhase;
			buildActionMask = 2147483647;
			files = (
			);
			runOnlyForDeploymentPostprocessing = 0;
		};
		591359EE22C85C380026C553 /* Resources */ = {
			isa = PBXResourcesBuildPhase;
			buildActionMask = 2147483647;
			files = (
			);
			runOnlyForDeploymentPostprocessing = 0;
		};
/* End PBXResourcesBuildPhase section */

/* Begin PBXSourcesBuildPhase section */
		591359CD22C85C370026C553 /* Sources */ = {
			isa = PBXSourcesBuildPhase;
			buildActionMask = 2147483647;
			files = (
				591359D722C85C370026C553 /* ViewController.swift in Sources */,
				59EAC2552301FC4C007F11C9 /* LogicController.swift in Sources */,
				591359D522C85C370026C553 /* AppDelegate.swift in Sources */,
			);
			runOnlyForDeploymentPostprocessing = 0;
		};
		591359E122C85C380026C553 /* Sources */ = {
			isa = PBXSourcesBuildPhase;
			buildActionMask = 2147483647;
			files = (
				591359EA22C85C380026C553 /* millionareTests.swift in Sources */,
			);
			runOnlyForDeploymentPostprocessing = 0;
		};
		591359EC22C85C380026C553 /* Sources */ = {
			isa = PBXSourcesBuildPhase;
			buildActionMask = 2147483647;
			files = (
				591359F522C85C380026C553 /* millionareUITests.swift in Sources */,
			);
			runOnlyForDeploymentPostprocessing = 0;
		};
/* End PBXSourcesBuildPhase section */

/* Begin PBXTargetDependency section */
		591359E722C85C380026C553 /* PBXTargetDependency */ = {
			isa = PBXTargetDependency;
			target = 591359D022C85C370026C553 /* millionare */;
			targetProxy = 591359E622C85C380026C553 /* PBXContainerItemProxy */;
		};
		591359F222C85C380026C553 /* PBXTargetDependency */ = {
			isa = PBXTargetDependency;
			target = 591359D022C85C370026C553 /* millionare */;
			targetProxy = 591359F122C85C380026C553 /* PBXContainerItemProxy */;
		};
/* End PBXTargetDependency section */

/* Begin PBXVariantGroup section */
		591359D822C85C370026C553 /* Main.storyboard */ = {
			isa = PBXVariantGroup;
			children = (
				591359D922C85C370026C553 /* Base */,
			);
			name = Main.storyboard;
			sourceTree = "<group>";
		};
		591359DD22C85C370026C553 /* LaunchScreen.storyboard */ = {
			isa = PBXVariantGroup;
			children = (
				591359DE22C85C370026C553 /* Base */,
			);
			name = LaunchScreen.storyboard;
			sourceTree = "<group>";
		};
/* End PBXVariantGroup section */

/* Begin XCBuildConfiguration section */
		591359F722C85C380026C553 /* Debug */ = {
			isa = XCBuildConfiguration;
			buildSettings = {
				ALWAYS_SEARCH_USER_PATHS = NO;
				CLANG_ANALYZER_NONNULL = YES;
				CLANG_ANALYZER_NUMBER_OBJECT_CONVERSION = YES_AGGRESSIVE;
				CLANG_CXX_LANGUAGE_STANDARD = "gnu++14";
				CLANG_CXX_LIBRARY = "libc++";
				CLANG_ENABLE_MODULES = YES;
				CLANG_ENABLE_OBJC_ARC = YES;
				CLANG_ENABLE_OBJC_WEAK = YES;
				CLANG_WARN_BLOCK_CAPTURE_AUTORELEASING = YES;
				CLANG_WARN_BOOL_CONVERSION = YES;
				CLANG_WARN_COMMA = YES;
				CLANG_WARN_CONSTANT_CONVERSION = YES;
				CLANG_WARN_DEPRECATED_OBJC_IMPLEMENTATIONS = YES;
				CLANG_WARN_DIRECT_OBJC_ISA_USAGE = YES_ERROR;
				CLANG_WARN_DOCUMENTATION_COMMENTS = YES;
				CLANG_WARN_EMPTY_BODY = YES;
				CLANG_WARN_ENUM_CONVERSION = YES;
				CLANG_WARN_INFINITE_RECURSION = YES;
				CLANG_WARN_INT_CONVERSION = YES;
				CLANG_WARN_NON_LITERAL_NULL_CONVERSION = YES;
				CLANG_WARN_OBJC_IMPLICIT_RETAIN_SELF = YES;
				CLANG_WARN_OBJC_LITERAL_CONVERSION = YES;
				CLANG_WARN_OBJC_ROOT_CLASS = YES_ERROR;
				CLANG_WARN_RANGE_LOOP_ANALYSIS = YES;
				CLANG_WARN_STRICT_PROTOTYPES = YES;
				CLANG_WARN_SUSPICIOUS_MOVE = YES;
				CLANG_WARN_UNGUARDED_AVAILABILITY = YES_AGGRESSIVE;
				CLANG_WARN_UNREACHABLE_CODE = YES;
				CLANG_WARN__DUPLICATE_METHOD_MATCH = YES;
				CODE_SIGN_IDENTITY = "iPhone Developer";
				COPY_PHASE_STRIP = NO;
				DEBUG_INFORMATION_FORMAT = dwarf;
				ENABLE_STRICT_OBJC_MSGSEND = YES;
				ENABLE_TESTABILITY = YES;
				GCC_C_LANGUAGE_STANDARD = gnu11;
				GCC_DYNAMIC_NO_PIC = NO;
				GCC_NO_COMMON_BLOCKS = YES;
				GCC_OPTIMIZATION_LEVEL = 0;
				GCC_PREPROCESSOR_DEFINITIONS = (
					"DEBUG=1",
					"$(inherited)",
				);
				GCC_WARN_64_TO_32_BIT_CONVERSION = YES;
				GCC_WARN_ABOUT_RETURN_TYPE = YES_ERROR;
				GCC_WARN_UNDECLARED_SELECTOR = YES;
				GCC_WARN_UNINITIALIZED_AUTOS = YES_AGGRESSIVE;
				GCC_WARN_UNUSED_FUNCTION = YES;
				GCC_WARN_UNUSED_VARIABLE = YES;
				IPHONEOS_DEPLOYMENT_TARGET = 12.1;
				MTL_ENABLE_DEBUG_INFO = INCLUDE_SOURCE;
				MTL_FAST_MATH = YES;
				ONLY_ACTIVE_ARCH = YES;
				SDKROOT = iphoneos;
				SWIFT_ACTIVE_COMPILATION_CONDITIONS = DEBUG;
				SWIFT_OPTIMIZATION_LEVEL = "-Onone";
			};
			name = Debug;
		};
		591359F822C85C380026C553 /* Release */ = {
			isa = XCBuildConfiguration;
			buildSettings = {
				ALWAYS_SEARCH_USER_PATHS = NO;
				CLANG_ANALYZER_NONNULL = YES;
				CLANG_ANALYZER_NUMBER_OBJECT_CONVERSION = YES_AGGRESSIVE;
				CLANG_CXX_LANGUAGE_STANDARD = "gnu++14";
				CLANG_CXX_LIBRARY = "libc++";
				CLANG_ENABLE_MODULES = YES;
				CLANG_ENABLE_OBJC_ARC = YES;
				CLANG_ENABLE_OBJC_WEAK = YES;
				CLANG_WARN_BLOCK_CAPTURE_AUTORELEASING = YES;
				CLANG_WARN_BOOL_CONVERSION = YES;
				CLANG_WARN_COMMA = YES;
				CLANG_WARN_CONSTANT_CONVERSION = YES;
				CLANG_WARN_DEPRECATED_OBJC_IMPLEMENTATIONS = YES;
				CLANG_WARN_DIRECT_OBJC_ISA_USAGE = YES_ERROR;
				CLANG_WARN_DOCUMENTATION_COMMENTS = YES;
				CLANG_WARN_EMPTY_BODY = YES;
				CLANG_WARN_ENUM_CONVERSION = YES;
				CLANG_WARN_INFINITE_RECURSION = YES;
				CLANG_WARN_INT_CONVERSION = YES;
				CLANG_WARN_NON_LITERAL_NULL_CONVERSION = YES;
				CLANG_WARN_OBJC_IMPLICIT_RETAIN_SELF = YES;
				CLANG_WARN_OBJC_LITERAL_CONVERSION = YES;
				CLANG_WARN_OBJC_ROOT_CLASS = YES_ERROR;
				CLANG_WARN_RANGE_LOOP_ANALYSIS = YES;
				CLANG_WARN_STRICT_PROTOTYPES = YES;
				CLANG_WARN_SUSPICIOUS_MOVE = YES;
				CLANG_WARN_UNGUARDED_AVAILABILITY = YES_AGGRESSIVE;
				CLANG_WARN_UNREACHABLE_CODE = YES;
				CLANG_WARN__DUPLICATE_METHOD_MATCH = YES;
				CODE_SIGN_IDENTITY = "iPhone Developer";
				COPY_PHASE_STRIP = NO;
				DEBUG_INFORMATION_FORMAT = "dwarf-with-dsym";
				ENABLE_NS_ASSERTIONS = NO;
				ENABLE_STRICT_OBJC_MSGSEND = YES;
				GCC_C_LANGUAGE_STANDARD = gnu11;
				GCC_NO_COMMON_BLOCKS = YES;
				GCC_WARN_64_TO_32_BIT_CONVERSION = YES;
				GCC_WARN_ABOUT_RETURN_TYPE = YES_ERROR;
				GCC_WARN_UNDECLARED_SELECTOR = YES;
				GCC_WARN_UNINITIALIZED_AUTOS = YES_AGGRESSIVE;
				GCC_WARN_UNUSED_FUNCTION = YES;
				GCC_WARN_UNUSED_VARIABLE = YES;
				IPHONEOS_DEPLOYMENT_TARGET = 12.1;
				MTL_ENABLE_DEBUG_INFO = NO;
				MTL_FAST_MATH = YES;
				SDKROOT = iphoneos;
				SWIFT_COMPILATION_MODE = wholemodule;
				SWIFT_OPTIMIZATION_LEVEL = "-O";
				VALIDATE_PRODUCT = YES;
			};
			name = Release;
		};
		591359FA22C85C380026C553 /* Debug */ = {
			isa = XCBuildConfiguration;
			buildSettings = {
				ASSETCATALOG_COMPILER_APPICON_NAME = AppIcon;
				CODE_SIGN_STYLE = Automatic;
				INFOPLIST_FILE = millionare/Info.plist;
				LD_RUNPATH_SEARCH_PATHS = (
					"$(inherited)",
					"@executable_path/Frameworks",
				);
				PRODUCT_BUNDLE_IDENTIFIER = AApps.millionare;
				PRODUCT_NAME = "$(TARGET_NAME)";
				SWIFT_VERSION = 4.2;
				TARGETED_DEVICE_FAMILY = "1,2";
			};
			name = Debug;
		};
		591359FB22C85C380026C553 /* Release */ = {
			isa = XCBuildConfiguration;
			buildSettings = {
				ASSETCATALOG_COMPILER_APPICON_NAME = AppIcon;
				CODE_SIGN_STYLE = Automatic;
				INFOPLIST_FILE = millionare/Info.plist;
				LD_RUNPATH_SEARCH_PATHS = (
					"$(inherited)",
					"@executable_path/Frameworks",
				);
				PRODUCT_BUNDLE_IDENTIFIER = AApps.millionare;
				PRODUCT_NAME = "$(TARGET_NAME)";
				SWIFT_VERSION = 4.2;
				TARGETED_DEVICE_FAMILY = "1,2";
			};
			name = Release;
		};
		591359FD22C85C380026C553 /* Debug */ = {
			isa = XCBuildConfiguration;
			buildSettings = {
				ALWAYS_EMBED_SWIFT_STANDARD_LIBRARIES = YES;
				BUNDLE_LOADER = "$(TEST_HOST)";
				CODE_SIGN_STYLE = Automatic;
				INFOPLIST_FILE = millionareTests/Info.plist;
				LD_RUNPATH_SEARCH_PATHS = (
					"$(inherited)",
					"@executable_path/Frameworks",
					"@loader_path/Frameworks",
				);
				PRODUCT_BUNDLE_IDENTIFIER = AApps.millionareTests;
				PRODUCT_NAME = "$(TARGET_NAME)";
				SWIFT_VERSION = 4.2;
				TARGETED_DEVICE_FAMILY = "1,2";
				TEST_HOST = "$(BUILT_PRODUCTS_DIR)/millionare.app/millionare";
			};
			name = Debug;
		};
		591359FE22C85C380026C553 /* Release */ = {
			isa = XCBuildConfiguration;
			buildSettings = {
				ALWAYS_EMBED_SWIFT_STANDARD_LIBRARIES = YES;
				BUNDLE_LOADER = "$(TEST_HOST)";
				CODE_SIGN_STYLE = Automatic;
				INFOPLIST_FILE = millionareTests/Info.plist;
				LD_RUNPATH_SEARCH_PATHS = (
					"$(inherited)",
					"@executable_path/Frameworks",
					"@loader_path/Frameworks",
				);
				PRODUCT_BUNDLE_IDENTIFIER = AApps.millionareTests;
				PRODUCT_NAME = "$(TARGET_NAME)";
				SWIFT_VERSION = 4.2;
				TARGETED_DEVICE_FAMILY = "1,2";
				TEST_HOST = "$(BUILT_PRODUCTS_DIR)/millionare.app/millionare";
			};
			name = Release;
		};
		59135A0022C85C380026C553 /* Debug */ = {
			isa = XCBuildConfiguration;
			buildSettings = {
				ALWAYS_EMBED_SWIFT_STANDARD_LIBRARIES = YES;
				CODE_SIGN_STYLE = Automatic;
				INFOPLIST_FILE = millionareUITests/Info.plist;
				LD_RUNPATH_SEARCH_PATHS = (
					"$(inherited)",
					"@executable_path/Frameworks",
					"@loader_path/Frameworks",
				);
				PRODUCT_BUNDLE_IDENTIFIER = AApps.millionareUITests;
				PRODUCT_NAME = "$(TARGET_NAME)";
				SWIFT_VERSION = 4.2;
				TARGETED_DEVICE_FAMILY = "1,2";
				TEST_TARGET_NAME = millionare;
			};
			name = Debug;
		};
		59135A0122C85C380026C553 /* Release */ = {
			isa = XCBuildConfiguration;
			buildSettings = {
				ALWAYS_EMBED_SWIFT_STANDARD_LIBRARIES = YES;
				CODE_SIGN_STYLE = Automatic;
				INFOPLIST_FILE = millionareUITests/Info.plist;
				LD_RUNPATH_SEARCH_PATHS = (
					"$(inherited)",
					"@executable_path/Frameworks",
					"@loader_path/Frameworks",
				);
				PRODUCT_BUNDLE_IDENTIFIER = AApps.millionareUITests;
				PRODUCT_NAME = "$(TARGET_NAME)";
				SWIFT_VERSION = 4.2;
				TARGETED_DEVICE_FAMILY = "1,2";
				TEST_TARGET_NAME = millionare;
			};
			name = Release;
		};
/* End XCBuildConfiguration section */

/* Begin XCConfigurationList section */
		591359CC22C85C370026C553 /* Build configuration list for PBXProject "millionare" */ = {
			isa = XCConfigurationList;
			buildConfigurations = (
				591359F722C85C380026C553 /* Debug */,
				591359F822C85C380026C553 /* Release */,
			);
			defaultConfigurationIsVisible = 0;
			defaultConfigurationName = Release;
		};
		591359F922C85C380026C553 /* Build configuration list for PBXNativeTarget "millionare" */ = {
			isa = XCConfigurationList;
			buildConfigurations = (
				591359FA22C85C380026C553 /* Debug */,
				591359FB22C85C380026C553 /* Release */,
			);
			defaultConfigurationIsVisible = 0;
			defaultConfigurationName = Release;
		};
		591359FC22C85C380026C553 /* Build configuration list for PBXNativeTarget "millionareTests" */ = {
			isa = XCConfigurationList;
			buildConfigurations = (
				591359FD22C85C380026C553 /* Debug */,
				591359FE22C85C380026C553 /* Release */,
			);
			defaultConfigurationIsVisible = 0;
			defaultConfigurationName = Release;
		};
		591359FF22C85C380026C553 /* Build configuration list for PBXNativeTarget "millionareUITests" */ = {
			isa = XCConfigurationList;
			buildConfigurations = (
				59135A0022C85C380026C553 /* Debug */,
				59135A0122C85C380026C553 /* Release */,
			);
			defaultConfigurationIsVisible = 0;
			defaultConfigurationName = Release;
		};
/* End XCConfigurationList section */
	};
	rootObject = 591359C922C85C370026C553 /* Project object */;
}
